Microsoft Visual Studio Solution File, Format Version 12.00
# Visual Studio Version 17
VisualStudioVersion = 17.10.34902.84
MinimumVisualStudioVersion = 10.0.40219.1
Project("{FAE04EC0-301F-11D3-BF4B-00C04F79EFBC}") = "YTLoadr.API", "YTLoadr.API\YTLoadr.API.csproj", "{BE28D666-2984-42E8-8DB1-E10466615013}"
EndProject
Global
	GlobalSection(ExtensibilityGlobals) = postSolution
		SolutionGuid = {4D3F6EEE-5104-4590-92C6-8D4B32317A15}
	EndGlobalSection
	GlobalSection(ProjectConfigurationPlatforms) = postSolution
		{BE28D666-2984-42E8-8DB1-E10466615013}.Debug|Any CPU.ActiveCfg = Debug|Any CPU
		{BE28D666-2984-42E8-8DB1-E10466615013}.Debug|Any CPU.Build.0 = Debug|Any CPU
		{BE28D666-2984-42E8-8DB1-E10466615013}.Release|Any CPU.ActiveCfg = Release|Any CPU
		{BE28D666-2984-42E8-8DB1-E10466615013}.Release|Any CPU.Build.0 = Release|Any CPU
	EndGlobalSection
	GlobalSection(SolutionConfigurationPlatforms) = preSolution
		Debug|Any CPU = Debug|Any CPU
		Release|Any CPU = Release|Any CPU
	EndGlobalSection
	GlobalSection(SolutionProperties) = preSolution
		HideSolutionNode = FALSE
	EndGlobalSection
EndGlobal
